// !$*UTF8*$!
{
	archiveVersion = 1;
	classes = {
	};
	objectVersion = 48;
	objects = {

/* Begin PBXBuildFile section */
		9149AD4E1F919BFA009F6A79 /* Lottie.framework in Frameworks */ = {isa = PBXBuildFile; fileRef = 9149AD481F919B8E009F6A79 /* Lottie.framework */; };
		9149AD4F1F919BFA009F6A79 /* Lottie.framework in Embed Frameworks */ = {isa = PBXBuildFile; fileRef = 9149AD481F919B8E009F6A79 /* Lottie.framework */; settings = {ATTRIBUTES = (CodeSignOnCopy, RemoveHeadersOnCopy, ); }; };
		9149AD521F919CD7009F6A79 /* Hamburger.json in Resources */ = {isa = PBXBuildFile; fileRef = 9149AD511F919C73009F6A79 /* Hamburger.json */; };
		9149AD541F919F34009F6A79 /* UIView+Constraint.swift in Sources */ = {isa = PBXBuildFile; fileRef = 9149AD531F919F34009F6A79 /* UIView+Constraint.swift */; };
		9149AD561F91A9AA009F6A79 /* LottieSwitchView.swift in Sources */ = {isa = PBXBuildFile; fileRef = 9149AD551F91A9AA009F6A79 /* LottieSwitchView.swift */; };
		91875A291F9197CE00343D18 /* AppDelegate.swift in Sources */ = {isa = PBXBuildFile; fileRef = 91875A281F9197CE00343D18 /* AppDelegate.swift */; };
		91875A2B1F9197CE00343D18 /* ViewController.swift in Sources */ = {isa = PBXBuildFile; fileRef = 91875A2A1F9197CE00343D18 /* ViewController.swift */; };
		91875A2E1F9197CE00343D18 /* Main.storyboard in Resources */ = {isa = PBXBuildFile; fileRef = 91875A2C1F9197CE00343D18 /* Main.storyboard */; };
		91875A301F9197CE00343D18 /* Assets.xcassets in Resources */ = {isa = PBXBuildFile; fileRef = 91875A2F1F9197CE00343D18 /* Assets.xcassets */; };
		91875A331F9197CE00343D18 /* LaunchScreen.storyboard in Resources */ = {isa = PBXBuildFile; fileRef = 91875A311F9197CE00343D18 /* LaunchScreen.storyboard */; };
/* End PBXBuildFile section */

/* Begin PBXCopyFilesBuildPhase section */
		9149AD501F919BFA009F6A79 /* Embed Frameworks */ = {
			isa = PBXCopyFilesBuildPhase;
			buildActionMask = 2147483647;
			dstPath = "";
			dstSubfolderSpec = 10;
			files = (
				9149AD4F1F919BFA009F6A79 /* Lottie.framework in Embed Frameworks */,
			);
			name = "Embed Frameworks";
			runOnlyForDeploymentPostprocessing = 0;
		};
/* End PBXCopyFilesBuildPhase section */

/* Begin PBXFileReference section */
		9149AD481F919B8E009F6A79 /* Lottie.framework */ = {isa = PBXFileReference; lastKnownFileType = wrapper.framework; name = Lottie.framework; path = Carthage/Build/iOS/Lottie.framework; sourceTree = "<group>"; };
		9149AD511F919C73009F6A79 /* Hamburger.json */ = {isa = PBXFileReference; lastKnownFileType = text.json; path = Hamburger.json; sourceTree = "<group>"; };
		9149AD531F919F34009F6A79 /* UIView+Constraint.swift */ = {isa = PBXFileReference; lastKnownFileType = sourcecode.swift; path = "UIView+Constraint.swift"; sourceTree = "<group>"; };
		9149AD551F91A9AA009F6A79 /* LottieSwitchView.swift */ = {isa = PBXFileReference; lastKnownFileType = sourcecode.swift; path = LottieSwitchView.swift; sourceTree = "<group>"; };
		91875A251F9197CE00343D18 /* LottieSample.app */ = {isa = PBXFileReference; explicitFileType = wrapper.application; includeInIndex = 0; path = LottieSample.app; sourceTree = BUILT_PRODUCTS_DIR; };
		91875A281F9197CE00343D18 /* AppDelegate.swift */ = {isa = PBXFileReference; lastKnownFileType = sourcecode.swift; path = AppDelegate.swift; sourceTree = "<group>"; };
		91875A2A1F9197CE00343D18 /* ViewController.swift */ = {isa = PBXFileReference; lastKnownFileType = sourcecode.swift; path = ViewController.swift; sourceTree = "<group>"; };
		91875A2D1F9197CE00343D18 /* Base */ = {isa = PBXFileReference; lastKnownFileType = file.storyboard; name = Base; path = Base.lproj/Main.storyboard; sourceTree = "<group>"; };
		91875A2F1F9197CE00343D18 /* Assets.xcassets */ = {isa = PBXFileReference; lastKnownFileType = folder.assetcatalog; path = Assets.xcassets; sourceTree = "<group>"; };
		91875A321F9197CE00343D18 /* Base */ = {isa = PBXFileReference; lastKnownFileType = file.storyboard; name = Base; path = Base.lproj/LaunchScreen.storyboard; sourceTree = "<group>"; };
		91875A341F9197CE00343D18 /* Info.plist */ = {isa = PBXFileReference; lastKnownFileType = text.plist.xml; path = Info.plist; sourceTree = "<group>"; };
/* End PBXFileReference section */

/* Begin PBXFrameworksBuildPhase section */
		91875A221F9197CE00343D18 /* Frameworks */ = {
			isa = PBXFrameworksBuildPhase;
			buildActionMask = 2147483647;
			files = (
				9149AD4E1F919BFA009F6A79 /* Lottie.framework in Frameworks */,
			);
			runOnlyForDeploymentPostprocessing = 0;
		};
/* End PBXFrameworksBuildPhase section */

/* Begin PBXGroup section */
		9149AD471F919B8D009F6A79 /* Frameworks */ = {
			isa = PBXGroup;
			children = (
				9149AD481F919B8E009F6A79 /* Lottie.framework */,
			);
			name = Frameworks;
			sourceTree = "<group>";
		};
		9149AD4A1F919BDA009F6A79 /* Support Files */ = {
			isa = PBXGroup;
			children = (
				9149AD511F919C73009F6A79 /* Hamburger.json */,
			);
			path = "Support Files";
			sourceTree = "<group>";
		};
		91875A1C1F9197CE00343D18 = {
			isa = PBXGroup;
			children = (
				91875A271F9197CE00343D18 /* LottieSample */,
				91875A261F9197CE00343D18 /* Products */,
				9149AD471F919B8D009F6A79 /* Frameworks */,
			);
			sourceTree = "<group>";
		};
		91875A261F9197CE00343D18 /* Products */ = {
			isa = PBXGroup;
			children = (
				91875A251F9197CE00343D18 /* LottieSample.app */,
			);
			name = Products;
			sourceTree = "<group>";
		};
		91875A271F9197CE00343D18 /* LottieSample */ = {
			isa = PBXGroup;
			children = (
				9149AD4A1F919BDA009F6A79 /* Support Files */,
				91875A281F9197CE00343D18 /* AppDelegate.swift */,
				9149AD551F91A9AA009F6A79 /* LottieSwitchView.swift */,
				91875A2A1F9197CE00343D18 /* ViewController.swift */,
				9149AD531F919F34009F6A79 /* UIView+Constraint.swift */,
				91875A2C1F9197CE00343D18 /* Main.storyboard */,
				91875A2F1F9197CE00343D18 /* Assets.xcassets */,
				91875A311F9197CE00343D18 /* LaunchScreen.storyboard */,
				91875A341F9197CE00343D18 /* Info.plist */,
			);
			path = LottieSample;
			sourceTree = "<group>";
		};
/* End PBXGroup section */

/* Begin PBXNativeTarget section */
		91875A241F9197CE00343D18 /* LottieSample */ = {
			isa = PBXNativeTarget;
			buildConfigurationList = 91875A371F9197CE00343D18 /* Build configuration list for PBXNativeTarget "LottieSample" */;
			buildPhases = (
				91875A211F9197CE00343D18 /* Sources */,
				91875A221F9197CE00343D18 /* Frameworks */,
				91875A231F9197CE00343D18 /* Resources */,
				9149AD501F919BFA009F6A79 /* Embed Frameworks */,
			);
			buildRules = (
			);
			dependencies = (
			);
			name = LottieSample;
			productName = LottieSample;
			productReference = 91875A251F9197CE00343D18 /* LottieSample.app */;
			productType = "com.apple.product-type.application";
		};
/* End PBXNativeTarget section */

/* Begin PBXProject section */
		91875A1D1F9197CE00343D18 /* Project object */ = {
			isa = PBXProject;
			attributes = {
				LastSwiftUpdateCheck = 0900;
				LastUpgradeCheck = 0900;
				ORGANIZATIONNAME = matsuokah;
				TargetAttributes = {
					91875A241F9197CE00343D18 = {
						CreatedOnToolsVersion = 9.0;
						ProvisioningStyle = Automatic;
					};
				};
			};
			buildConfigurationList = 91875A201F9197CE00343D18 /* Build configuration list for PBXProject "LottieSample" */;
			compatibilityVersion = "Xcode 8.0";
			developmentRegion = en;
			hasScannedForEncodings = 0;
			knownRegions = (
				en,
				Base,
			);
			mainGroup = 91875A1C1F9197CE00343D18;
			productRefGroup = 91875A261F9197CE00343D18 /* Products */;
			projectDirPath = "";
			projectRoot = "";
			targets = (
				91875A241F9197CE00343D18 /* LottieSample */,
			);
		};
/* End PBXProject section */

/* Begin PBXResourcesBuildPhase section */
		91875A231F9197CE00343D18 /* Resources */ = {
			isa = PBXResourcesBuildPhase;
			buildActionMask = 2147483647;
			files = (
				9149AD521F919CD7009F6A79 /* Hamburger.json in Resources */,
				91875A331F9197CE00343D18 /* LaunchScreen.storyboard in Resources */,
				91875A301F9197CE00343D18 /* Assets.xcassets in Resources */,
				91875A2E1F9197CE00343D18 /* Main.storyboard in Resources */,
			);
			runOnlyForDeploymentPostprocessing = 0;
		};
/* End PBXResourcesBuildPhase section */

/* Begin PBXSourcesBuildPhase section */
		91875A211F9197CE00343D18 /* Sources */ = {
			isa = PBXSourcesBuildPhase;
			buildActionMask = 2147483647;
			files = (
				9149AD541F919F34009F6A79 /* UIView+Constraint.swift in Sources */,
				91875A2B1F9197CE00343D18 /* ViewController.swift in Sources */,
				91875A291F9197CE00343D18 /* AppDelegate.swift in Sources */,
				9149AD561F91A9AA009F6A79 /* LottieSwitchView.swift in Sources */,
			);
			runOnlyForDeploymentPostprocessing = 0;
		};
/* End PBXSourcesBuildPhase section */

/* Begin PBXVariantGroup section */
		91875A2C1F9197CE00343D18 /* Main.storyboard */ = {
			isa = PBXVariantGroup;
			children = (
				91875A2D1F9197CE00343D18 /* Base */,
			);
			name = Main.storyboard;
			sourceTree = "<group>";
		};
		91875A311F9197CE00343D18 /* LaunchScreen.storyboard */ = {
			isa = PBXVariantGroup;
			children = (
				91875A321F9197CE00343D18 /* Base */,
			);
			name = LaunchScreen.storyboard;
			sourceTree = "<group>";
		};
/* End PBXVariantGroup section */

/* Begin XCBuildConfiguration section */
		91875A351F9197CE00343D18 /* Debug */ = {
			isa = XCBuildConfiguration;
			buildSettings = {
				ALWAYS_SEARCH_USER_PATHS = NO;
				CLANG_ANALYZER_NONNULL = YES;
				CLANG_ANALYZER_NUMBER_OBJECT_CONVERSION = YES_AGGRESSIVE;
				CLANG_CXX_LANGUAGE_STANDARD = "gnu++14";
				CLANG_CXX_LIBRARY = "libc++";
				CLANG_ENABLE_MODULES = YES;
				CLANG_ENABLE_OBJC_ARC = YES;
				CLANG_WARN_BLOCK_CAPTURE_AUTORELEASING = YES;
				CLANG_WARN_BOOL_CONVERSION = YES;
				CLANG_WARN_COMMA = YES;
				CLANG_WARN_CONSTANT_CONVERSION = YES;
				CLANG_WARN_DIRECT_OBJC_ISA_USAGE = YES_ERROR;
				CLANG_WARN_DOCUMENTATION_COMMENTS = YES;
				CLANG_WARN_EMPTY_BODY = YES;
				CLANG_WARN_ENUM_CONVERSION = YES;
				CLANG_WARN_INFINITE_RECURSION = YES;
				CLANG_WARN_INT_CONVERSION = YES;
				CLANG_WARN_NON_LITERAL_NULL_CONVERSION = YES;
				CLANG_WARN_OBJC_LITERAL_CONVERSION = YES;
				CLANG_WARN_OBJC_ROOT_CLASS = YES_ERROR;
				CLANG_WARN_RANGE_LOOP_ANALYSIS = YES;
				CLANG_WARN_STRICT_PROTOTYPES = YES;
				CLANG_WARN_SUSPICIOUS_MOVE = YES;
				CLANG_WARN_UNGUARDED_AVAILABILITY = YES_AGGRESSIVE;
				CLANG_WARN_UNREACHABLE_CODE = YES;
				CLANG_WARN__DUPLICATE_METHOD_MATCH = YES;
				CODE_SIGN_IDENTITY = "iPhone Developer";
				COPY_PHASE_STRIP = NO;
				DEBUG_INFORMATION_FORMAT = dwarf;
				ENABLE_STRICT_OBJC_MSGSEND = YES;
				ENABLE_TESTABILITY = YES;
				GCC_C_LANGUAGE_STANDARD = gnu11;
				GCC_DYNAMIC_NO_PIC = NO;
				GCC_NO_COMMON_BLOCKS = YES;
				GCC_OPTIMIZATION_LEVEL = 0;
				GCC_PREPROCESSOR_DEFINITIONS = (
					"DEBUG=1",
					"$(inherited)",
				);
				GCC_WARN_64_TO_32_BIT_CONVERSION = YES;
				GCC_WARN_ABOUT_RETURN_TYPE = YES_ERROR;
				GCC_WARN_UNDECLARED_SELECTOR = YES;
				GCC_WARN_UNINITIALIZED_AUTOS = YES_AGGRESSIVE;
				GCC_WARN_UNUSED_FUNCTION = YES;
				GCC_WARN_UNUSED_VARIABLE = YES;
				IPHONEOS_DEPLOYMENT_TARGET = 11.0;
				MTL_ENABLE_DEBUG_INFO = YES;
				ONLY_ACTIVE_ARCH = YES;
				SDKROOT = iphoneos;
				SWIFT_ACTIVE_COMPILATION_CONDITIONS = DEBUG;
				SWIFT_OPTIMIZATION_LEVEL = "-Onone";
			};
			name = Debug;
		};
		91875A361F9197CE00343D18 /* Release */ = {
			isa = XCBuildConfiguration;
			buildSettings = {
				ALWAYS_SEARCH_USER_PATHS = NO;
				CLANG_ANALYZER_NONNULL = YES;
				CLANG_ANALYZER_NUMBER_OBJECT_CONVERSION = YES_AGGRESSIVE;
				CLANG_CXX_LANGUAGE_STANDARD = "gnu++14";
				CLANG_CXX_LIBRARY = "libc++";
				CLANG_ENABLE_MODULES = YES;
				CLANG_ENABLE_OBJC_ARC = YES;
				CLANG_WARN_BLOCK_CAPTURE_AUTORELEASING = YES;
				CLANG_WARN_BOOL_CONVERSION = YES;
				CLANG_WARN_COMMA = YES;
				CLANG_WARN_CONSTANT_CONVERSION = YES;
				CLANG_WARN_DIRECT_OBJC_ISA_USAGE = YES_ERROR;
				CLANG_WARN_DOCUMENTATION_COMMENTS = YES;
				CLANG_WARN_EMPTY_BODY = YES;
				CLANG_WARN_ENUM_CONVERSION = YES;
				CLANG_WARN_INFINITE_RECURSION = YES;
				CLANG_WARN_INT_CONVERSION = YES;
				CLANG_WARN_NON_LITERAL_NULL_CONVERSION = YES;
				CLANG_WARN_OBJC_LITERAL_CONVERSION = YES;
				CLANG_WARN_OBJC_ROOT_CLASS = YES_ERROR;
				CLANG_WARN_RANGE_LOOP_ANALYSIS = YES;
				CLANG_WARN_STRICT_PROTOTYPES = YES;
				CLANG_WARN_SUSPICIOUS_MOVE = YES;
				CLANG_WARN_UNGUARDED_AVAILABILITY = YES_AGGRESSIVE;
				CLANG_WARN_UNREACHABLE_CODE = YES;
				CLANG_WARN__DUPLICATE_METHOD_MATCH = YES;
				CODE_SIGN_IDENTITY = "iPhone Developer";
				COPY_PHASE_STRIP = NO;
				DEBUG_INFORMATION_FORMAT = "dwarf-with-dsym";
				ENABLE_NS_ASSERTIONS = NO;
				ENABLE_STRICT_OBJC_MSGSEND = YES;
				GCC_C_LANGUAGE_STANDARD = gnu11;
				GCC_NO_COMMON_BLOCKS = YES;
				GCC_WARN_64_TO_32_BIT_CONVERSION = YES;
				GCC_WARN_ABOUT_RETURN_TYPE = YES_ERROR;
				GCC_WARN_UNDECLARED_SELECTOR = YES;
				GCC_WARN_UNINITIALIZED_AUTOS = YES_AGGRESSIVE;
				GCC_WARN_UNUSED_FUNCTION = YES;
				GCC_WARN_UNUSED_VARIABLE = YES;
				IPHONEOS_DEPLOYMENT_TARGET = 11.0;
				MTL_ENABLE_DEBUG_INFO = NO;
				SDKROOT = iphoneos;
				SWIFT_OPTIMIZATION_LEVEL = "-Owholemodule";
				VALIDATE_PRODUCT = YES;
			};
			name = Release;
		};
		91875A381F9197CE00343D18 /* Debug */ = {
			isa = XCBuildConfiguration;
			buildSettings = {
				ASSETCATALOG_COMPILER_APPICON_NAME = AppIcon;
				CODE_SIGN_STYLE = Automatic;
				DEVELOPMENT_TEAM = 263N9Q866N;
				FRAMEWORK_SEARCH_PATHS = (
					"$(inherited)",
					"$(PROJECT_DIR)/Carthage/Build/iOS",
				);
				INFOPLIST_FILE = LottieSample/Info.plist;
				LD_RUNPATH_SEARCH_PATHS = "$(inherited) @executable_path/Frameworks";
				PRODUCT_BUNDLE_IDENTIFIER = jp.matsuokah.LottieSample;
				PRODUCT_NAME = "$(TARGET_NAME)";
				SWIFT_VERSION = 4.0;
				TARGETED_DEVICE_FAMILY = "1,2";
			};
			name = Debug;
		};
		91875A391F9197CE00343D18 /* Release */ = {
			isa = XCBuildConfiguration;
			buildSettings = {
				ASSETCATALOG_COMPILER_APPICON_NAME = AppIcon;
				CODE_SIGN_STYLE = Automatic;
				DEVELOPMENT_TEAM = 263N9Q866N;
				FRAMEWORK_SEARCH_PATHS = (
					"$(inherited)",
					"$(PROJECT_DIR)/Carthage/Build/iOS",
				);
				INFOPLIST_FILE = LottieSample/Info.plist;
				LD_RUNPATH_SEARCH_PATHS = "$(inherited) @executable_path/Frameworks";
				PRODUCT_BUNDLE_IDENTIFIER = jp.matsuokah.LottieSample;
				PRODUCT_NAME = "$(TARGET_NAME)";
				SWIFT_VERSION = 4.0;
				TARGETED_DEVICE_FAMILY = "1,2";
			};
			name = Release;
		};
/* End XCBuildConfiguration section */

/* Begin XCConfigurationList section */
		91875A201F9197CE00343D18 /* Build configuration list for PBXProject "LottieSample" */ = {
			isa = XCConfigurationList;
			buildConfigurations = (
				91875A351F9197CE00343D18 /* Debug */,
				91875A361F9197CE00343D18 /* Release */,
			);
			defaultConfigurationIsVisible = 0;
			defaultConfigurationName = Release;
		};
		91875A371F9197CE00343D18 /* Build configuration list for PBXNativeTarget "LottieSample" */ = {
			isa = XCConfigurationList;
			buildConfigurations = (
				91875A381F9197CE00343D18 /* Debug */,
				91875A391F9197CE00343D18 /* Release */,
			);
			defaultConfigurationIsVisible = 0;
			defaultConfigurationName = Release;
		};
/* End XCConfigurationList section */
	};
	rootObject = 91875A1D1F9197CE00343D18 /* Project object */;
}
